
Microsoft Visual Studio Solution File, Format Version 12.00
# Visual Studio Version 16
VisualStudioVersion = 16.0.810.10
MinimumVisualStudioVersion = 10.0.40219.1
Project("{FAE04EC0-301F-11D3-BF4B-00C04F79EFBC}") = "Entities", "Entities\Entities.csproj", "{2C028D80-2105-435A-A386-464161027F51}"
EndProject
Project("{FAE04EC0-301F-11D3-BF4B-00C04F79EFBC}") = "Business", "Business\Business.csproj", "{481D799D-D08B-4156-84EA-C9BE9EBFC94D}"
EndProject
Project("{FAE04EC0-301F-11D3-BF4B-00C04F79EFBC}") = "DataAccess", "DataAccess\DataAccess.csproj", "{F23515E1-6F9E-4C63-BA39-765C20ADCB8F}"
EndProject
Project("{FAE04EC0-301F-11D3-BF4B-00C04F79EFBC}") = "ConsoleUI", "ConsoleUI\ConsoleUI.csproj", "{5A305E7F-D0B1-419D-AED1-02CDBA082E2D}"
EndProject
Project("{FAE04EC0-301F-11D3-BF4B-00C04F79EFBC}") = "Core", "Core\Core.csproj", "{42E713B0-6719-4E39-B76A-FFC4B1456537}"
EndProject
Project("{FAE04EC0-301F-11D3-BF4B-00C04F79EFBC}") = "WebAPI", "WebAPI\WebAPI.csproj", "{586A99AB-EFF6-474E-9D93-AB81BA362275}"
EndProject
Global
	GlobalSection(SolutionConfigurationPlatforms) = preSolution
		Debug|anycpu = Debug|anycpu
		Release|anycpu = Release|anycpu
	EndGlobalSection
	GlobalSection(ProjectConfigurationPlatforms) = postSolution
		{2C028D80-2105-435A-A386-464161027F51}.Debug|anycpu.ActiveCfg = Debug|Any CPU
		{2C028D80-2105-435A-A386-464161027F51}.Debug|anycpu.Build.0 = Debug|Any CPU
		{2C028D80-2105-435A-A386-464161027F51}.Release|anycpu.ActiveCfg = Release|Any CPU
		{2C028D80-2105-435A-A386-464161027F51}.Release|anycpu.Build.0 = Release|Any CPU
		{481D799D-D08B-4156-84EA-C9BE9EBFC94D}.Debug|anycpu.ActiveCfg = Debug|Any CPU
		{481D799D-D08B-4156-84EA-C9BE9EBFC94D}.Debug|anycpu.Build.0 = Debug|Any CPU
		{481D799D-D08B-4156-84EA-C9BE9EBFC94D}.Release|anycpu.ActiveCfg = Release|Any CPU
		{481D799D-D08B-4156-84EA-C9BE9EBFC94D}.Release|anycpu.Build.0 = Release|Any CPU
		{F23515E1-6F9E-4C63-BA39-765C20ADCB8F}.Debug|anycpu.ActiveCfg = Debug|Any CPU
		{F23515E1-6F9E-4C63-BA39-765C20ADCB8F}.Debug|anycpu.Build.0 = Debug|Any CPU
		{F23515E1-6F9E-4C63-BA39-765C20ADCB8F}.Release|anycpu.ActiveCfg = Release|Any CPU
		{F23515E1-6F9E-4C63-BA39-765C20ADCB8F}.Release|anycpu.Build.0 = Release|Any CPU
		{5A305E7F-D0B1-419D-AED1-02CDBA082E2D}.Debug|anycpu.ActiveCfg = Debug|Any CPU
		{5A305E7F-D0B1-419D-AED1-02CDBA082E2D}.Debug|anycpu.Build.0 = Debug|Any CPU
		{5A305E7F-D0B1-419D-AED1-02CDBA082E2D}.Release|anycpu.ActiveCfg = Release|Any CPU
		{5A305E7F-D0B1-419D-AED1-02CDBA082E2D}.Release|anycpu.Build.0 = Release|Any CPU
		{42E713B0-6719-4E39-B76A-FFC4B1456537}.Debug|anycpu.ActiveCfg = Debug|Any CPU
		{42E713B0-6719-4E39-B76A-FFC4B1456537}.Debug|anycpu.Build.0 = Debug|Any CPU
		{42E713B0-6719-4E39-B76A-FFC4B1456537}.Release|anycpu.ActiveCfg = Release|Any CPU
		{42E713B0-6719-4E39-B76A-FFC4B1456537}.Release|anycpu.Build.0 = Release|Any CPU
		{586A99AB-EFF6-474E-9D93-AB81BA362275}.Debug|anycpu.ActiveCfg = Debug|Any CPU
		{586A99AB-EFF6-474E-9D93-AB81BA362275}.Debug|anycpu.Build.0 = Debug|Any CPU
		{586A99AB-EFF6-474E-9D93-AB81BA362275}.Release|anycpu.ActiveCfg = Release|Any CPU
		{586A99AB-EFF6-474E-9D93-AB81BA362275}.Release|anycpu.Build.0 = Release|Any CPU
	EndGlobalSection
	GlobalSection(SolutionProperties) = preSolution
		HideSolutionNode = FALSE
	EndGlobalSection
	GlobalSection(ExtensibilityGlobals) = postSolution
		SolutionGuid = {D32DA7C9-C27E-4746-9850-3EE211BA8DD6}
	EndGlobalSection
EndGlobal
